
Microsoft Visual Studio Solution File, Format Version 12.00
# Visual Studio Version 17
VisualStudioVersion = 17.4.33213.308
MinimumVisualStudioVersion = 10.0.40219.1
Project("{8BC9CEB8-8B4A-11D0-8D11-00A0C91BC942}") = "SimpleConcurrency", "SimpleConcurrency\SimpleConcurrency.vcxproj", "{BE6D71AB-8863-4007-8001-6AC2B11433DC}"
EndProject
Global
	GlobalSection(SolutionConfigurationPlatforms) = preSolution
		Debug|x64 = Debug|x64
		Debug|x86 = Debug|x86
		Release|x64 = Release|x64
		Release|x86 = Release|x86
	EndGlobalSection
	GlobalSection(ProjectConfigurationPlatforms) = postSolution
		{BE6D71AB-8863-4007-8001-6AC2B11433DC}.Debug|x64.ActiveCfg = Debug|x64
		{BE6D71AB-8863-4007-8001-6AC2B11433DC}.Debug|x64.Build.0 = Debug|x64
		{BE6D71AB-8863-4007-8001-6AC2B11433DC}.Debug|x86.ActiveCfg = Debug|Win32
		{BE6D71AB-8863-4007-8001-6AC2B11433DC}.Debug|x86.Build.0 = Debug|Win32
		{BE6D71AB-8863-4007-8001-6AC2B11433DC}.Release|x64.ActiveCfg = Release|x64
		{BE6D71AB-8863-4007-8001-6AC2B11433DC}.Release|x64.Build.0 = Release|x64
		{BE6D71AB-8863-4007-8001-6AC2B11433DC}.Release|x86.ActiveCfg = Release|Win32
		{BE6D71AB-8863-4007-8001-6AC2B11433DC}.Release|x86.Build.0 = Release|Win32
	EndGlobalSection
	GlobalSection(SolutionProperties) = preSolution
		HideSolutionNode = FALSE
	EndGlobalSection
	GlobalSection(ExtensibilityGlobals) = postSolution
		SolutionGuid = {7F72619A-2ECA-4AE3-B2FE-353C447541A5}
	EndGlobalSection
EndGlobal
